
Microsoft Visual Studio Solution File, Format Version 12.00
# Visual Studio Version 16
VisualStudioVersion = 16.0.30011.22
MinimumVisualStudioVersion = 10.0.40219.1
Project("{FAE04EC0-301F-11D3-BF4B-00C04F79EFBC}") = "Cart", "cart\Cart.csproj", "{3C1EE290-3A7B-43F1-A1BE-22388B3DD106}"
EndProject
Project("{FAE04EC0-301F-11D3-BF4B-00C04F79EFBC}") = "Product", "Product\Product.csproj", "{8D57C122-416C-44FE-8BCB-EB9102C68E93}"
EndProject
Project("{FAE04EC0-301F-11D3-BF4B-00C04F79EFBC}") = "User", "User\User.csproj", "{C55AE430-D5E3-4AAA-90E8-DE99714CBF0F}"
EndProject
Global
	GlobalSection(SolutionConfigurationPlatforms) = preSolution
		Debug|Any CPU = Debug|Any CPU
		Release|Any CPU = Release|Any CPU
	EndGlobalSection
	GlobalSection(ProjectConfigurationPlatforms) = postSolution
		{3C1EE290-3A7B-43F1-A1BE-22388B3DD106}.Debug|Any CPU.ActiveCfg = Debug|Any CPU
		{3C1EE290-3A7B-43F1-A1BE-22388B3DD106}.Debug|Any CPU.Build.0 = Debug|Any CPU
		{3C1EE290-3A7B-43F1-A1BE-22388B3DD106}.Release|Any CPU.ActiveCfg = Release|Any CPU
		{3C1EE290-3A7B-43F1-A1BE-22388B3DD106}.Release|Any CPU.Build.0 = Release|Any CPU
		{8D57C122-416C-44FE-8BCB-EB9102C68E93}.Debug|Any CPU.ActiveCfg = Debug|Any CPU
		{8D57C122-416C-44FE-8BCB-EB9102C68E93}.Debug|Any CPU.Build.0 = Debug|Any CPU
		{8D57C122-416C-44FE-8BCB-EB9102C68E93}.Release|Any CPU.ActiveCfg = Release|Any CPU
		{8D57C122-416C-44FE-8BCB-EB9102C68E93}.Release|Any CPU.Build.0 = Release|Any CPU
		{C55AE430-D5E3-4AAA-90E8-DE99714CBF0F}.Debug|Any CPU.ActiveCfg = Debug|Any CPU
		{C55AE430-D5E3-4AAA-90E8-DE99714CBF0F}.Debug|Any CPU.Build.0 = Debug|Any CPU
		{C55AE430-D5E3-4AAA-90E8-DE99714CBF0F}.Release|Any CPU.ActiveCfg = Release|Any CPU
		{C55AE430-D5E3-4AAA-90E8-DE99714CBF0F}.Release|Any CPU.Build.0 = Release|Any CPU
	EndGlobalSection
	GlobalSection(SolutionProperties) = preSolution
		HideSolutionNode = FALSE
	EndGlobalSection
	GlobalSection(ExtensibilityGlobals) = postSolution
		SolutionGuid = {FBE3F261-5038-44B5-BCF3-804EB155B81A}
	EndGlobalSection
EndGlobal
